
Microsoft Visual Studio Solution File, Format Version 12.00
# Visual Studio 15
VisualStudioVersion = 15.0.28307.168
MinimumVisualStudioVersion = 10.0.40219.1
Project("{F184B08F-C81C-45F6-A57F-5ABD9991F28F}") = "PantallaAdminRestau", "PantallaAdminRestau\PantallaAdminRestau.vbproj", "{6B2750B5-E562-4DDA-AED3-1A7EBEE1ED75}"
EndProject
Global
	GlobalSection(SolutionConfigurationPlatforms) = preSolution
		Debug|Any CPU = Debug|Any CPU
		Release|Any CPU = Release|Any CPU
	EndGlobalSection
	GlobalSection(ProjectConfigurationPlatforms) = postSolution
		{6B2750B5-E562-4DDA-AED3-1A7EBEE1ED75}.Debug|Any CPU.ActiveCfg = Debug|Any CPU
		{6B2750B5-E562-4DDA-AED3-1A7EBEE1ED75}.Debug|Any CPU.Build.0 = Debug|Any CPU
		{6B2750B5-E562-4DDA-AED3-1A7EBEE1ED75}.Release|Any CPU.ActiveCfg = Release|Any CPU
		{6B2750B5-E562-4DDA-AED3-1A7EBEE1ED75}.Release|Any CPU.Build.0 = Release|Any CPU
	EndGlobalSection
	GlobalSection(SolutionProperties) = preSolution
		HideSolutionNode = FALSE
	EndGlobalSection
	GlobalSection(ExtensibilityGlobals) = postSolution
		SolutionGuid = {ED3F937A-8837-4336-88D2-23522E92CD1B}
	EndGlobalSection
EndGlobal
